
Microsoft Visual Studio Solution File, Format Version 12.00
# Visual Studio 15
VisualStudioVersion = 15.0.26124.0
MinimumVisualStudioVersion = 15.0.26124.0
Project("{FAE04EC0-301F-11D3-BF4B-00C04F79EFBC}") = "CASC-Test", "CASC-Test\CASC-Test.csproj", "{906C1503-7DFD-431C-ACE8-7C7A02BA4888}"
EndProject
Project("{FAE04EC0-301F-11D3-BF4B-00C04F79EFBC}") = "CASC-Console", "CASC-Console\CASC-Console.csproj", "{7D7A7C6A-8348-4441-AB93-7906DECB8034}"
EndProject
Project("{FAE04EC0-301F-11D3-BF4B-00C04F79EFBC}") = "CASC-Interpreter", "CASC-Interpreter\CASC-Interpreter.csproj", "{0F305D91-B510-4C3B-8AE1-3D25AF434B42}"
EndProject
Global
	GlobalSection(SolutionConfigurationPlatforms) = preSolution
		Debug|Any CPU = Debug|Any CPU
		Debug|x64 = Debug|x64
		Debug|x86 = Debug|x86
		Release|Any CPU = Release|Any CPU
		Release|x64 = Release|x64
		Release|x86 = Release|x86
	EndGlobalSection
	GlobalSection(SolutionProperties) = preSolution
		HideSolutionNode = FALSE
	EndGlobalSection
	GlobalSection(ProjectConfigurationPlatforms) = postSolution
		{906C1503-7DFD-431C-ACE8-7C7A02BA4888}.Debug|Any CPU.ActiveCfg = Debug|Any CPU
		{906C1503-7DFD-431C-ACE8-7C7A02BA4888}.Debug|Any CPU.Build.0 = Debug|Any CPU
		{906C1503-7DFD-431C-ACE8-7C7A02BA4888}.Debug|x64.ActiveCfg = Debug|Any CPU
		{906C1503-7DFD-431C-ACE8-7C7A02BA4888}.Debug|x64.Build.0 = Debug|Any CPU
		{906C1503-7DFD-431C-ACE8-7C7A02BA4888}.Debug|x86.ActiveCfg = Debug|Any CPU
		{906C1503-7DFD-431C-ACE8-7C7A02BA4888}.Debug|x86.Build.0 = Debug|Any CPU
		{906C1503-7DFD-431C-ACE8-7C7A02BA4888}.Release|Any CPU.ActiveCfg = Release|Any CPU
		{906C1503-7DFD-431C-ACE8-7C7A02BA4888}.Release|Any CPU.Build.0 = Release|Any CPU
		{906C1503-7DFD-431C-ACE8-7C7A02BA4888}.Release|x64.ActiveCfg = Release|Any CPU
		{906C1503-7DFD-431C-ACE8-7C7A02BA4888}.Release|x64.Build.0 = Release|Any CPU
		{906C1503-7DFD-431C-ACE8-7C7A02BA4888}.Release|x86.ActiveCfg = Release|Any CPU
		{906C1503-7DFD-431C-ACE8-7C7A02BA4888}.Release|x86.Build.0 = Release|Any CPU
		{7D7A7C6A-8348-4441-AB93-7906DECB8034}.Debug|Any CPU.ActiveCfg = Debug|Any CPU
		{7D7A7C6A-8348-4441-AB93-7906DECB8034}.Debug|Any CPU.Build.0 = Debug|Any CPU
		{7D7A7C6A-8348-4441-AB93-7906DECB8034}.Debug|x64.ActiveCfg = Debug|Any CPU
		{7D7A7C6A-8348-4441-AB93-7906DECB8034}.Debug|x64.Build.0 = Debug|Any CPU
		{7D7A7C6A-8348-4441-AB93-7906DECB8034}.Debug|x86.ActiveCfg = Debug|Any CPU
		{7D7A7C6A-8348-4441-AB93-7906DECB8034}.Debug|x86.Build.0 = Debug|Any CPU
		{7D7A7C6A-8348-4441-AB93-7906DECB8034}.Release|Any CPU.ActiveCfg = Release|Any CPU
		{7D7A7C6A-8348-4441-AB93-7906DECB8034}.Release|Any CPU.Build.0 = Release|Any CPU
		{7D7A7C6A-8348-4441-AB93-7906DECB8034}.Release|x64.ActiveCfg = Release|Any CPU
		{7D7A7C6A-8348-4441-AB93-7906DECB8034}.Release|x64.Build.0 = Release|Any CPU
		{7D7A7C6A-8348-4441-AB93-7906DECB8034}.Release|x86.ActiveCfg = Release|Any CPU
		{7D7A7C6A-8348-4441-AB93-7906DECB8034}.Release|x86.Build.0 = Release|Any CPU
		{0F305D91-B510-4C3B-8AE1-3D25AF434B42}.Debug|Any CPU.ActiveCfg = Debug|Any CPU
		{0F305D91-B510-4C3B-8AE1-3D25AF434B42}.Debug|Any CPU.Build.0 = Debug|Any CPU
		{0F305D91-B510-4C3B-8AE1-3D25AF434B42}.Debug|x64.ActiveCfg = Debug|Any CPU
		{0F305D91-B510-4C3B-8AE1-3D25AF434B42}.Debug|x64.Build.0 = Debug|Any CPU
		{0F305D91-B510-4C3B-8AE1-3D25AF434B42}.Debug|x86.ActiveCfg = Debug|Any CPU
		{0F305D91-B510-4C3B-8AE1-3D25AF434B42}.Debug|x86.Build.0 = Debug|Any CPU
		{0F305D91-B510-4C3B-8AE1-3D25AF434B42}.Release|Any CPU.ActiveCfg = Release|Any CPU
		{0F305D91-B510-4C3B-8AE1-3D25AF434B42}.Release|Any CPU.Build.0 = Release|Any CPU
		{0F305D91-B510-4C3B-8AE1-3D25AF434B42}.Release|x64.ActiveCfg = Release|Any CPU
		{0F305D91-B510-4C3B-8AE1-3D25AF434B42}.Release|x64.Build.0 = Release|Any CPU
		{0F305D91-B510-4C3B-8AE1-3D25AF434B42}.Release|x86.ActiveCfg = Release|Any CPU
		{0F305D91-B510-4C3B-8AE1-3D25AF434B42}.Release|x86.Build.0 = Release|Any CPU
	EndGlobalSection
EndGlobal
